
Microsoft Visual Studio Solution File, Format Version 12.00
# Visual Studio Version 17
VisualStudioVersion = 17.10.34916.146
MinimumVisualStudioVersion = 10.0.40219.1
Project("{FAE04EC0-301F-11D3-BF4B-00C04F79EFBC}") = "Komunikaty", "Komunikaty.csproj", "{4FFAC815-A7E8-4994-BF10-8C86DC865E06}"
EndProject
Global
	GlobalSection(SolutionConfigurationPlatforms) = preSolution
		Debug|Any CPU = Debug|Any CPU
		Release|Any CPU = Release|Any CPU
	EndGlobalSection
	GlobalSection(ProjectConfigurationPlatforms) = postSolution
		{4FFAC815-A7E8-4994-BF10-8C86DC865E06}.Debug|Any CPU.ActiveCfg = Debug|Any CPU
		{4FFAC815-A7E8-4994-BF10-8C86DC865E06}.Debug|Any CPU.Build.0 = Debug|Any CPU
		{4FFAC815-A7E8-4994-BF10-8C86DC865E06}.Release|Any CPU.ActiveCfg = Release|Any CPU
		{4FFAC815-A7E8-4994-BF10-8C86DC865E06}.Release|Any CPU.Build.0 = Release|Any CPU
	EndGlobalSection
	GlobalSection(SolutionProperties) = preSolution
		HideSolutionNode = FALSE
	EndGlobalSection
	GlobalSection(ExtensibilityGlobals) = postSolution
		SolutionGuid = {D3780398-28F6-4A4D-A937-69DDE45596ED}
	EndGlobalSection
EndGlobal
