
Microsoft Visual Studio Solution File, Format Version 12.00
# Visual Studio Version 17
VisualStudioVersion = 17.10.34916.146
MinimumVisualStudioVersion = 10.0.40219.1
Project("{FAE04EC0-301F-11D3-BF4B-00C04F79EFBC}") = "Sklep", "Sklep.csproj", "{8B263806-74CF-4F94-BF52-67BF27937FFB}"
EndProject
Project("{FAE04EC0-301F-11D3-BF4B-00C04F79EFBC}") = "Magazyn", "..\Magazyn\Magazyn.csproj", "{ABF483E3-E164-4334-BEC1-FDD5268C8E7F}"
EndProject
Project("{FAE04EC0-301F-11D3-BF4B-00C04F79EFBC}") = "KlientA", "..\KlientA\KlientA.csproj", "{334D4A75-3A8C-4C02-A4B1-CA83A927B87D}"
EndProject
Project("{FAE04EC0-301F-11D3-BF4B-00C04F79EFBC}") = "KlientB", "..\KlientB\KlientB.csproj", "{26F5978D-137C-4A46-81BE-48DCE18E4ED6}"
EndProject
Project("{FAE04EC0-301F-11D3-BF4B-00C04F79EFBC}") = "Komunikacja", "..\Komunikaty\Komunikacja.csproj", "{4FFAC815-A7E8-4994-BF10-8C86DC865E06}"
EndProject
Global
	GlobalSection(SolutionConfigurationPlatforms) = preSolution
		Debug|Any CPU = Debug|Any CPU
		Release|Any CPU = Release|Any CPU
	EndGlobalSection
	GlobalSection(ProjectConfigurationPlatforms) = postSolution
		{8B263806-74CF-4F94-BF52-67BF27937FFB}.Debug|Any CPU.ActiveCfg = Debug|Any CPU
		{8B263806-74CF-4F94-BF52-67BF27937FFB}.Debug|Any CPU.Build.0 = Debug|Any CPU
		{8B263806-74CF-4F94-BF52-67BF27937FFB}.Release|Any CPU.ActiveCfg = Release|Any CPU
		{8B263806-74CF-4F94-BF52-67BF27937FFB}.Release|Any CPU.Build.0 = Release|Any CPU
		{ABF483E3-E164-4334-BEC1-FDD5268C8E7F}.Debug|Any CPU.ActiveCfg = Debug|Any CPU
		{ABF483E3-E164-4334-BEC1-FDD5268C8E7F}.Debug|Any CPU.Build.0 = Debug|Any CPU
		{ABF483E3-E164-4334-BEC1-FDD5268C8E7F}.Release|Any CPU.ActiveCfg = Release|Any CPU
		{ABF483E3-E164-4334-BEC1-FDD5268C8E7F}.Release|Any CPU.Build.0 = Release|Any CPU
		{334D4A75-3A8C-4C02-A4B1-CA83A927B87D}.Debug|Any CPU.ActiveCfg = Debug|Any CPU
		{334D4A75-3A8C-4C02-A4B1-CA83A927B87D}.Debug|Any CPU.Build.0 = Debug|Any CPU
		{334D4A75-3A8C-4C02-A4B1-CA83A927B87D}.Release|Any CPU.ActiveCfg = Release|Any CPU
		{334D4A75-3A8C-4C02-A4B1-CA83A927B87D}.Release|Any CPU.Build.0 = Release|Any CPU
		{26F5978D-137C-4A46-81BE-48DCE18E4ED6}.Debug|Any CPU.ActiveCfg = Debug|Any CPU
		{26F5978D-137C-4A46-81BE-48DCE18E4ED6}.Debug|Any CPU.Build.0 = Debug|Any CPU
		{26F5978D-137C-4A46-81BE-48DCE18E4ED6}.Release|Any CPU.ActiveCfg = Release|Any CPU
		{26F5978D-137C-4A46-81BE-48DCE18E4ED6}.Release|Any CPU.Build.0 = Release|Any CPU
		{4FFAC815-A7E8-4994-BF10-8C86DC865E06}.Debug|Any CPU.ActiveCfg = Debug|Any CPU
		{4FFAC815-A7E8-4994-BF10-8C86DC865E06}.Debug|Any CPU.Build.0 = Debug|Any CPU
		{4FFAC815-A7E8-4994-BF10-8C86DC865E06}.Release|Any CPU.ActiveCfg = Release|Any CPU
		{4FFAC815-A7E8-4994-BF10-8C86DC865E06}.Release|Any CPU.Build.0 = Release|Any CPU
	EndGlobalSection
	GlobalSection(SolutionProperties) = preSolution
		HideSolutionNode = FALSE
	EndGlobalSection
	GlobalSection(ExtensibilityGlobals) = postSolution
		SolutionGuid = {EE569785-DB09-49E9-A5A8-B927C1D74FEC}
	EndGlobalSection
EndGlobal
